
Microsoft Visual Studio Solution File, Format Version 12.00
Project("{FAE04EC0-301F-11D3-BF4B-00C04F79EFBC}") = "AIDistribution", "AIDistribution\AIDistribution.csproj", "{9546DAF3-ABD5-4114-8D27-AC30CD542873}"
EndProject
Global
	GlobalSection(SolutionConfigurationPlatforms) = preSolution
		Debug|Any CPU = Debug|Any CPU
		Release|Any CPU = Release|Any CPU
	EndGlobalSection
	GlobalSection(ProjectConfigurationPlatforms) = postSolution
		{9546DAF3-ABD5-4114-8D27-AC30CD542873}.Debug|Any CPU.ActiveCfg = Debug|Any CPU
		{9546DAF3-ABD5-4114-8D27-AC30CD542873}.Debug|Any CPU.Build.0 = Debug|Any CPU
		{9546DAF3-ABD5-4114-8D27-AC30CD542873}.Release|Any CPU.ActiveCfg = Release|Any CPU
		{9546DAF3-ABD5-4114-8D27-AC30CD542873}.Release|Any CPU.Build.0 = Release|Any CPU
	EndGlobalSection
EndGlobal
